schema: '2.0'
stages:
  clean_data:
    cmd: python src/data_process/clean_data.py
    deps:
    - path: src/data_process/clean_data.py
      hash: md5
      md5: d25719a020111470dc0b3768428ab6cd
      size: 13661
    outs:
    - path: data/processed/MITRE/mitre_cleaned.parquet
      hash: md5
      md5: efd8ae34d56789c9d0b115bccd0c89b7
      size: 602916
    - path: data/processed/behavioral_rules/chunks.parquet
      hash: md5
      md5: 738d72ca984d67f0c82edfa7a98cbe9e
      size: 27365
    - path: data/processed/emerging_threats/et_rules_cleaned.parquet
      hash: md5
      md5: f5f21b30a1b5cc3d532b4c377f10550d
      size: 348212
    - path: data/processed/sigma/sigma_cleaned.parquet
      hash: md5
      md5: d832760c8c30c612c12815ae60fe81f6
      size: 24319
  chunk_data:
    cmd: python src/data_process/chunk_data.py
    deps:
    - path: data/processed/MITRE/mitre_cleaned.parquet
      hash: md5
      md5: efd8ae34d56789c9d0b115bccd0c89b7
      size: 602916
    - path: data/processed/emerging_threats/et_rules_cleaned.parquet
      hash: md5
      md5: f5f21b30a1b5cc3d532b4c377f10550d
      size: 348212
    - path: data/processed/sigma/sigma_cleaned.parquet
      hash: md5
      md5: d832760c8c30c612c12815ae60fe81f6
      size: 24319
    - path: src/data_process/chunk_data.py
      hash: md5
      md5: 980e1222da5297196e42a5504ffb9796
      size: 4895
    params:
      params.yaml:
        chunking.chunk_overlap: 100
        chunking.chunk_size: 400
        chunking.tokenizer_model: BAAI/bge-base-en-v1.5
    outs:
    - path: data/processed/MITRE/chunks.parquet
      hash: md5
      md5: 6d65b4088c812f41f646250f4a27669b
      size: 645462
    - path: data/processed/emerging_threats/chunks.parquet
      hash: md5
      md5: a5afada5ab595c4dbe5a1abe41019ccb
      size: 404026
    - path: data/processed/sigma/chunks.parquet
      hash: md5
      md5: 99e2aaf2d1f68c06b8beb4bb81eafe07
      size: 23278
  embed_chunks:
    cmd: python src/data_process/embed_chunks.py --recreate
    deps:
    - path: data/processed/MITRE/chunks.parquet
      hash: md5
      md5: 6d65b4088c812f41f646250f4a27669b
      size: 645462
    - path: data/processed/behavioral_rules/chunks.parquet
      hash: md5
      md5: 738d72ca984d67f0c82edfa7a98cbe9e
      size: 27365
    - path: data/processed/emerging_threats/chunks.parquet
      hash: md5
      md5: a5afada5ab595c4dbe5a1abe41019ccb
      size: 404026
    - path: data/processed/sigma/chunks.parquet
      hash: md5
      md5: 99e2aaf2d1f68c06b8beb4bb81eafe07
      size: 23278
    - path: src/data_process/embed_chunks.py
      hash: md5
      md5: 9f59af38178bd0814dfe796fd37e8247
      size: 7259
    params:
      params.yaml:
        embedding.dim: 768
        embedding.model_name: BAAI/bge-base-en-v1.5
    outs:
    - path: data/embeddings/completed.txt
      hash: md5
      md5: af9feb1e0e359c6a0c1991337c46365d
      size: 178
