schema: '2.0'
stages:
  clean_data:
    cmd: python src/data_process/clean_data.py
    deps:
    - path: src/data_process/clean_data.py
      hash: md5
      md5: dfcff8d53759272f18e95c392de57ac9
      size: 9181
    outs:
    - path: data/processed/MITRE/mitre_cleaned.parquet
      hash: md5
      md5: d2126731df9f96767ef35f9117c1442f
      size: 602885
    - path: data/processed/emerging_threats/et_rules_cleaned.parquet
      hash: md5
      md5: 7e415974c6336082efbd09f37121c855
      size: 348212
    - path: data/processed/sigma/sigma_cleaned.parquet
      hash: md5
      md5: 7a02f4ea9eed0208539a15993ebe0b2c
      size: 24319
  chunk_data:
    cmd: python src/data_process/chunk_data.py
    deps:
    - path: data/processed/MITRE/mitre_cleaned.parquet
      hash: md5
      md5: d2126731df9f96767ef35f9117c1442f
      size: 602885
    - path: data/processed/emerging_threats/et_rules_cleaned.parquet
      hash: md5
      md5: 7e415974c6336082efbd09f37121c855
      size: 348212
    - path: data/processed/sigma/sigma_cleaned.parquet
      hash: md5
      md5: 7a02f4ea9eed0208539a15993ebe0b2c
      size: 24319
    - path: src/data_process/chunk_data.py
      hash: md5
      md5: 980e1222da5297196e42a5504ffb9796
      size: 4895
    params:
      params.yaml:
        chunking.chunk_overlap: 100
        chunking.chunk_size: 400
        chunking.tokenizer_model: BAAI/bge-base-en-v1.5
    outs:
    - path: data/processed/MITRE/chunks.parquet
      hash: md5
      md5: 75c7aecc6ede8ed1f23a1ffd23d2bf4d
      size: 645421
    - path: data/processed/emerging_threats/chunks.parquet
      hash: md5
      md5: 6b269a0e8ca433f2968e03b42d988cc7
      size: 404026
    - path: data/processed/sigma/chunks.parquet
      hash: md5
      md5: f2fff433a2a4e7198419d7324ddda2a5
      size: 23278
  embed_chunks:
    cmd: python src/data_process/embed_chunks.py --recreate
    deps:
    - path: data/processed/MITRE/chunks.parquet
      hash: md5
      md5: 75c7aecc6ede8ed1f23a1ffd23d2bf4d
      size: 645421
    - path: data/processed/emerging_threats/chunks.parquet
      hash: md5
      md5: 6b269a0e8ca433f2968e03b42d988cc7
      size: 404026
    - path: data/processed/sigma/chunks.parquet
      hash: md5
      md5: f2fff433a2a4e7198419d7324ddda2a5
      size: 23278
    - path: src/data_process/embed_chunks.py
      hash: md5
      md5: e3d9cffa2b5762b11eb2f6fade7011fe
      size: 6625
    params:
      params.yaml:
        embedding.dim: 768
        embedding.model_name: BAAI/bge-base-en-v1.5
    outs:
    - path: data/embeddings/completed.txt
      hash: md5
      md5: 4637104f4d3a61cbb8485fff92c7204e
      size: 158
  ingest_kb:
    cmd: python src/data_process/ingest_kb.py
    deps:
    - path: data/kb/conn_state/conn_state_profiles.jsonl
      hash: md5
      md5: ced1da7a5217b2621b6f9afaa2e0a552
      size: 7498
    - path: data/kb/port_profile/port_profiles.jsonl
      hash: md5
      md5: 2d9a031c7af756e3d3c2b3077e56b5e5
      size: 21206
    - path: data/kb/suricata_category/suricata_category_profiles.jsonl
      hash: md5
      md5: e9d9f543711fa7c0b3cec0b160652b74
      size: 32611
    - path: data/kb/tactic_profile/tactic_profiles.jsonl
      hash: md5
      md5: ca71f66b516b4bc286df82a67ce490f4
      size: 15322
    - path: data/kb/traffic_pattern/traffic_pattern_profiles.jsonl
      hash: md5
      md5: c8f63ebd6ca9f0531b44e4b5d1c69a4d
      size: 11438
    - path: src/data_process/ingest_kb.py
      hash: md5
      md5: 6afb6119fe5787b3ff4e36933781dd90
      size: 8318
    params:
      params.yaml:
        embedding.batch_size: 64
        embedding.dim: 768
        embedding.model_name: BAAI/bge-base-en-v1.5
    outs:
    - path: data/kb/ingest_completed.txt
      hash: md5
      md5: 7a807eb4ebebc7ddb87a05130ee065e0
      size: 55
